
Microsoft Visual Studio Solution File, Format Version 12.00
# Visual Studio Version 17
VisualStudioVersion = 17.8.34525.116
MinimumVisualStudioVersion = 10.0.40219.1
Project("{FAE04EC0-301F-11D3-BF4B-00C04F79EFBC}") = "TodoApp Restructuring Backend", "TodoApp Restructuring Backend\TodoApp Restructuring Backend.csproj", "{FCB17D70-CFFB-4174-BF69-929C075507CD}"
EndProject
Global
	GlobalSection(SolutionConfigurationPlatforms) = preSolution
		Debug|Any CPU = Debug|Any CPU
		Release|Any CPU = Release|Any CPU
	EndGlobalSection
	GlobalSection(ProjectConfigurationPlatforms) = postSolution
		{FCB17D70-CFFB-4174-BF69-929C075507CD}.Debug|Any CPU.ActiveCfg = Debug|Any CPU
		{FCB17D70-CFFB-4174-BF69-929C075507CD}.Debug|Any CPU.Build.0 = Debug|Any CPU
		{FCB17D70-CFFB-4174-BF69-929C075507CD}.Release|Any CPU.ActiveCfg = Release|Any CPU
		{FCB17D70-CFFB-4174-BF69-929C075507CD}.Release|Any CPU.Build.0 = Release|Any CPU
	EndGlobalSection
	GlobalSection(SolutionProperties) = preSolution
		HideSolutionNode = FALSE
	EndGlobalSection
	GlobalSection(ExtensibilityGlobals) = postSolution
		SolutionGuid = {5E58E262-36AD-4179-897A-E8F91F8B06BB}
	EndGlobalSection
EndGlobal
